
Microsoft Visual Studio Solution File, Format Version 12.00
# Visual Studio 2013
VisualStudioVersion = 12.0.30501.0
MinimumVisualStudioVersion = 10.0.40219.1
Project("{FAE04EC0-301F-11D3-BF4B-00C04F79EFBC}") = "SunbeamPuneShoppingWeb", "SunbeamPuneShoppingWeb\SunbeamPuneShoppingWeb.csproj", "{4C6253F6-2977-4B7D-9911-8697089E58B4}"
EndProject
Project("{FAE04EC0-301F-11D3-BF4B-00C04F79EFBC}") = "LoginBusinessLayer", "LoginBusinessLayer\LoginBusinessLayer.csproj", "{203CACDB-3E6E-4F8A-84F1-2EFF6E11B5CD}"
EndProject
Project("{FAE04EC0-301F-11D3-BF4B-00C04F79EFBC}") = "CustomerBusinessLayer", "CustomerBusinessLayer\CustomerBusinessLayer.csproj", "{D4475656-02CE-49E6-8A16-DE8DC32740B6}"
EndProject
Project("{FAE04EC0-301F-11D3-BF4B-00C04F79EFBC}") = "eCommerceDAL", "C:\Users\user\Documents\eCommerceDAL\eCommerceDAL.csproj", "{EB0714EC-6F1D-41D3-A0DE-7059A3726090}"
EndProject
Project("{FAE04EC0-301F-11D3-BF4B-00C04F79EFBC}") = "eCommerceBOL", "C:\Users\user\Documents\eCommerceBOL\eCommerceBOL.csproj", "{A49E501E-64AE-47F9-BF1F-4B81A8F4A43D}"
EndProject
Global
	GlobalSection(SolutionConfigurationPlatforms) = preSolution
		Debug|Any CPU = Debug|Any CPU
		Release|Any CPU = Release|Any CPU
	EndGlobalSection
	GlobalSection(ProjectConfigurationPlatforms) = postSolution
		{4C6253F6-2977-4B7D-9911-8697089E58B4}.Debug|Any CPU.ActiveCfg = Debug|Any CPU
		{4C6253F6-2977-4B7D-9911-8697089E58B4}.Debug|Any CPU.Build.0 = Debug|Any CPU
		{4C6253F6-2977-4B7D-9911-8697089E58B4}.Release|Any CPU.ActiveCfg = Release|Any CPU
		{4C6253F6-2977-4B7D-9911-8697089E58B4}.Release|Any CPU.Build.0 = Release|Any CPU
		{203CACDB-3E6E-4F8A-84F1-2EFF6E11B5CD}.Debug|Any CPU.ActiveCfg = Debug|Any CPU
		{203CACDB-3E6E-4F8A-84F1-2EFF6E11B5CD}.Debug|Any CPU.Build.0 = Debug|Any CPU
		{203CACDB-3E6E-4F8A-84F1-2EFF6E11B5CD}.Release|Any CPU.ActiveCfg = Release|Any CPU
		{203CACDB-3E6E-4F8A-84F1-2EFF6E11B5CD}.Release|Any CPU.Build.0 = Release|Any CPU
		{D4475656-02CE-49E6-8A16-DE8DC32740B6}.Debug|Any CPU.ActiveCfg = Debug|Any CPU
		{D4475656-02CE-49E6-8A16-DE8DC32740B6}.Debug|Any CPU.Build.0 = Debug|Any CPU
		{D4475656-02CE-49E6-8A16-DE8DC32740B6}.Release|Any CPU.ActiveCfg = Release|Any CPU
		{D4475656-02CE-49E6-8A16-DE8DC32740B6}.Release|Any CPU.Build.0 = Release|Any CPU
		{EB0714EC-6F1D-41D3-A0DE-7059A3726090}.Debug|Any CPU.ActiveCfg = Debug|Any CPU
		{EB0714EC-6F1D-41D3-A0DE-7059A3726090}.Debug|Any CPU.Build.0 = Debug|Any CPU
		{EB0714EC-6F1D-41D3-A0DE-7059A3726090}.Release|Any CPU.ActiveCfg = Release|Any CPU
		{EB0714EC-6F1D-41D3-A0DE-7059A3726090}.Release|Any CPU.Build.0 = Release|Any CPU
		{A49E501E-64AE-47F9-BF1F-4B81A8F4A43D}.Debug|Any CPU.ActiveCfg = Debug|Any CPU
		{A49E501E-64AE-47F9-BF1F-4B81A8F4A43D}.Debug|Any CPU.Build.0 = Debug|Any CPU
		{A49E501E-64AE-47F9-BF1F-4B81A8F4A43D}.Release|Any CPU.ActiveCfg = Release|Any CPU
		{A49E501E-64AE-47F9-BF1F-4B81A8F4A43D}.Release|Any CPU.Build.0 = Release|Any CPU
	EndGlobalSection
	GlobalSection(SolutionProperties) = preSolution
		HideSolutionNode = FALSE
	EndGlobalSection
EndGlobal
